
Microsoft Visual Studio Solution File, Format Version 12.00
# Visual Studio Version 16
VisualStudioVersion = 16.0.30907.101
MinimumVisualStudioVersion = 10.0.40219.1
Project("{FAE04EC0-301F-11D3-BF4B-00C04F79EFBC}") = "Storage", "Storage\Storage.csproj", "{982DA18D-02DB-4E33-ACD5-4290C8069C9B}"
EndProject
Global
	GlobalSection(SolutionConfigurationPlatforms) = preSolution
		Debug|Any CPU = Debug|Any CPU
		Release|Any CPU = Release|Any CPU
	EndGlobalSection
	GlobalSection(ProjectConfigurationPlatforms) = postSolution
		{982DA18D-02DB-4E33-ACD5-4290C8069C9B}.Debug|Any CPU.ActiveCfg = Debug|Any CPU
		{982DA18D-02DB-4E33-ACD5-4290C8069C9B}.Debug|Any CPU.Build.0 = Debug|Any CPU
		{982DA18D-02DB-4E33-ACD5-4290C8069C9B}.Release|Any CPU.ActiveCfg = Release|Any CPU
		{982DA18D-02DB-4E33-ACD5-4290C8069C9B}.Release|Any CPU.Build.0 = Release|Any CPU
	EndGlobalSection
	GlobalSection(SolutionProperties) = preSolution
		HideSolutionNode = FALSE
	EndGlobalSection
	GlobalSection(ExtensibilityGlobals) = postSolution
		SolutionGuid = {AB6C8F13-E616-4220-86BB-50ACCEA1E7C4}
	EndGlobalSection
EndGlobal
